
Microsoft Visual Studio Solution File, Format Version 12.00
# Visual Studio Version 17
VisualStudioVersion = 17.14.36616.10 d17.14
MinimumVisualStudioVersion = 10.0.40219.1
Project("{FAE04EC0-301F-11D3-BF4B-00C04F79EFBC}") = "XOArena", "XOArena.csproj", "{6779887A-4F09-4466-934F-625D6742C5BD}"
EndProject
Global
	GlobalSection(SolutionConfigurationPlatforms) = preSolution
		Debug|Any CPU = Debug|Any CPU
		Release|Any CPU = Release|Any CPU
	EndGlobalSection
	GlobalSection(ProjectConfigurationPlatforms) = postSolution
		{6779887A-4F09-4466-934F-625D6742C5BD}.Debug|Any CPU.ActiveCfg = Debug|Any CPU
		{6779887A-4F09-4466-934F-625D6742C5BD}.Debug|Any CPU.Build.0 = Debug|Any CPU
		{6779887A-4F09-4466-934F-625D6742C5BD}.Release|Any CPU.ActiveCfg = Release|Any CPU
		{6779887A-4F09-4466-934F-625D6742C5BD}.Release|Any CPU.Build.0 = Release|Any CPU
	EndGlobalSection
	GlobalSection(SolutionProperties) = preSolution
		HideSolutionNode = FALSE
	EndGlobalSection
	GlobalSection(ExtensibilityGlobals) = postSolution
		SolutionGuid = {4B5F210E-3475-4DA1-A193-78C687C43B33}
	EndGlobalSection
EndGlobal
