
Microsoft Visual Studio Solution File, Format Version 12.00
# Visual Studio Version 17
VisualStudioVersion = 17.14.36616.10 d17.14
MinimumVisualStudioVersion = 10.0.40219.1
Project("{FAE04EC0-301F-11D3-BF4B-00C04F79EFBC}") = "FinansApp", "FinansApp.csproj", "{ED56B5A8-3A56-4BB0-AF76-0FDA5E0842A4}"
EndProject
Global
	GlobalSection(SolutionConfigurationPlatforms) = preSolution
		Debug|Any CPU = Debug|Any CPU
		Release|Any CPU = Release|Any CPU
	EndGlobalSection
	GlobalSection(ProjectConfigurationPlatforms) = postSolution
		{ED56B5A8-3A56-4BB0-AF76-0FDA5E0842A4}.Debug|Any CPU.ActiveCfg = Debug|Any CPU
		{ED56B5A8-3A56-4BB0-AF76-0FDA5E0842A4}.Debug|Any CPU.Build.0 = Debug|Any CPU
		{ED56B5A8-3A56-4BB0-AF76-0FDA5E0842A4}.Release|Any CPU.ActiveCfg = Release|Any CPU
		{ED56B5A8-3A56-4BB0-AF76-0FDA5E0842A4}.Release|Any CPU.Build.0 = Release|Any CPU
	EndGlobalSection
	GlobalSection(SolutionProperties) = preSolution
		HideSolutionNode = FALSE
	EndGlobalSection
	GlobalSection(ExtensibilityGlobals) = postSolution
		SolutionGuid = {A5AFB040-6A98-44AB-ABA2-1A9B14FCD146}
	EndGlobalSection
EndGlobal
